
Microsoft Visual Studio Solution File, Format Version 12.00
# Visual Studio Version 17
VisualStudioVersion = 17.7.34202.233
MinimumVisualStudioVersion = 10.0.40219.1
Project("{8BC9CEB8-8B4A-11D0-8D11-00A0C91BC942}") = "Vector Find", "Vector Find.vcxproj", "{7B59006A-A2FB-4660-809B-0443A984AD3E}"
EndProject
Global
	GlobalSection(SolutionConfigurationPlatforms) = preSolution
		Debug|x64 = Debug|x64
		Debug|x86 = Debug|x86
		Release|x64 = Release|x64
		Release|x86 = Release|x86
	EndGlobalSection
	GlobalSection(ProjectConfigurationPlatforms) = postSolution
		{7B59006A-A2FB-4660-809B-0443A984AD3E}.Debug|x64.ActiveCfg = Debug|x64
		{7B59006A-A2FB-4660-809B-0443A984AD3E}.Debug|x64.Build.0 = Debug|x64
		{7B59006A-A2FB-4660-809B-0443A984AD3E}.Debug|x86.ActiveCfg = Debug|Win32
		{7B59006A-A2FB-4660-809B-0443A984AD3E}.Debug|x86.Build.0 = Debug|Win32
		{7B59006A-A2FB-4660-809B-0443A984AD3E}.Release|x64.ActiveCfg = Release|x64
		{7B59006A-A2FB-4660-809B-0443A984AD3E}.Release|x64.Build.0 = Release|x64
		{7B59006A-A2FB-4660-809B-0443A984AD3E}.Release|x86.ActiveCfg = Release|Win32
		{7B59006A-A2FB-4660-809B-0443A984AD3E}.Release|x86.Build.0 = Release|Win32
	EndGlobalSection
	GlobalSection(SolutionProperties) = preSolution
		HideSolutionNode = FALSE
	EndGlobalSection
	GlobalSection(ExtensibilityGlobals) = postSolution
		SolutionGuid = {05B13194-33F7-4720-A3AE-00921A2808D7}
	EndGlobalSection
EndGlobal
