
Microsoft Visual Studio Solution File, Format Version 12.00
# Visual Studio Version 17
VisualStudioVersion = 17.7.34221.43
MinimumVisualStudioVersion = 10.0.40219.1
Project("{8BC9CEB8-8B4A-11D0-8D11-00A0C91BC942}") = "Isomorfi", "Isomorfi.vcxproj", "{4980B9BB-0618-4035-8E64-B1E00E8B728C}"
EndProject
Global
	GlobalSection(SolutionConfigurationPlatforms) = preSolution
		Debug|x64 = Debug|x64
		Debug|x86 = Debug|x86
		Release|x64 = Release|x64
		Release|x86 = Release|x86
	EndGlobalSection
	GlobalSection(ProjectConfigurationPlatforms) = postSolution
		{4980B9BB-0618-4035-8E64-B1E00E8B728C}.Debug|x64.ActiveCfg = Debug|x64
		{4980B9BB-0618-4035-8E64-B1E00E8B728C}.Debug|x64.Build.0 = Debug|x64
		{4980B9BB-0618-4035-8E64-B1E00E8B728C}.Debug|x86.ActiveCfg = Debug|Win32
		{4980B9BB-0618-4035-8E64-B1E00E8B728C}.Debug|x86.Build.0 = Debug|Win32
		{4980B9BB-0618-4035-8E64-B1E00E8B728C}.Release|x64.ActiveCfg = Release|x64
		{4980B9BB-0618-4035-8E64-B1E00E8B728C}.Release|x64.Build.0 = Release|x64
		{4980B9BB-0618-4035-8E64-B1E00E8B728C}.Release|x86.ActiveCfg = Release|Win32
		{4980B9BB-0618-4035-8E64-B1E00E8B728C}.Release|x86.Build.0 = Release|Win32
	EndGlobalSection
	GlobalSection(SolutionProperties) = preSolution
		HideSolutionNode = FALSE
	EndGlobalSection
	GlobalSection(ExtensibilityGlobals) = postSolution
		SolutionGuid = {F6F23400-17F7-4217-B3D1-90D2DD120645}
	EndGlobalSection
EndGlobal
