
Microsoft Visual Studio Solution File, Format Version 12.00
# Visual Studio Version 17
VisualStudioVersion = 17.7.34202.233
MinimumVisualStudioVersion = 10.0.40219.1
Project("{8BC9CEB8-8B4A-11D0-8D11-00A0C91BC942}") = "VectorRead", "VectorRead.vcxproj", "{AE715E2F-EE08-4881-86AA-ADFCF4A0E5E9}"
EndProject
Global
	GlobalSection(SolutionConfigurationPlatforms) = preSolution
		Debug|x64 = Debug|x64
		Debug|x86 = Debug|x86
		Release|x64 = Release|x64
		Release|x86 = Release|x86
	EndGlobalSection
	GlobalSection(ProjectConfigurationPlatforms) = postSolution
		{AE715E2F-EE08-4881-86AA-ADFCF4A0E5E9}.Debug|x64.ActiveCfg = Debug|x64
		{AE715E2F-EE08-4881-86AA-ADFCF4A0E5E9}.Debug|x64.Build.0 = Debug|x64
		{AE715E2F-EE08-4881-86AA-ADFCF4A0E5E9}.Debug|x86.ActiveCfg = Debug|Win32
		{AE715E2F-EE08-4881-86AA-ADFCF4A0E5E9}.Debug|x86.Build.0 = Debug|Win32
		{AE715E2F-EE08-4881-86AA-ADFCF4A0E5E9}.Release|x64.ActiveCfg = Release|x64
		{AE715E2F-EE08-4881-86AA-ADFCF4A0E5E9}.Release|x64.Build.0 = Release|x64
		{AE715E2F-EE08-4881-86AA-ADFCF4A0E5E9}.Release|x86.ActiveCfg = Release|Win32
		{AE715E2F-EE08-4881-86AA-ADFCF4A0E5E9}.Release|x86.Build.0 = Release|Win32
	EndGlobalSection
	GlobalSection(SolutionProperties) = preSolution
		HideSolutionNode = FALSE
	EndGlobalSection
	GlobalSection(ExtensibilityGlobals) = postSolution
		SolutionGuid = {CD9407AD-661A-4915-AF4F-FCF324A9F714}
	EndGlobalSection
EndGlobal
