
Microsoft Visual Studio Solution File, Format Version 12.00
# Visual Studio Version 17
VisualStudioVersion = 17.10.35027.167
MinimumVisualStudioVersion = 10.0.40219.1
Project("{8BC9CEB8-8B4A-11D0-8D11-00A0C91BC942}") = "Tree Max", "Tree Max.vcxproj", "{F9420F7B-F35C-4C74-8FB3-CE12D33FCD47}"
EndProject
Global
	GlobalSection(SolutionConfigurationPlatforms) = preSolution
		Debug|x64 = Debug|x64
		Debug|x86 = Debug|x86
		Release|x64 = Release|x64
		Release|x86 = Release|x86
	EndGlobalSection
	GlobalSection(ProjectConfigurationPlatforms) = postSolution
		{F9420F7B-F35C-4C74-8FB3-CE12D33FCD47}.Debug|x64.ActiveCfg = Debug|x64
		{F9420F7B-F35C-4C74-8FB3-CE12D33FCD47}.Debug|x64.Build.0 = Debug|x64
		{F9420F7B-F35C-4C74-8FB3-CE12D33FCD47}.Debug|x86.ActiveCfg = Debug|Win32
		{F9420F7B-F35C-4C74-8FB3-CE12D33FCD47}.Debug|x86.Build.0 = Debug|Win32
		{F9420F7B-F35C-4C74-8FB3-CE12D33FCD47}.Release|x64.ActiveCfg = Release|x64
		{F9420F7B-F35C-4C74-8FB3-CE12D33FCD47}.Release|x64.Build.0 = Release|x64
		{F9420F7B-F35C-4C74-8FB3-CE12D33FCD47}.Release|x86.ActiveCfg = Release|Win32
		{F9420F7B-F35C-4C74-8FB3-CE12D33FCD47}.Release|x86.Build.0 = Release|Win32
	EndGlobalSection
	GlobalSection(SolutionProperties) = preSolution
		HideSolutionNode = FALSE
	EndGlobalSection
	GlobalSection(ExtensibilityGlobals) = postSolution
		SolutionGuid = {7E457EFC-7B4C-4D7B-8D13-BC417EDD93D3}
	EndGlobalSection
EndGlobal
