
Microsoft Visual Studio Solution File, Format Version 12.00
# Visual Studio Version 17
VisualStudioVersion = 17.10.35027.167
MinimumVisualStudioVersion = 10.0.40219.1
Project("{8BC9CEB8-8B4A-11D0-8D11-00A0C91BC942}") = "Address-Book Sort", "Address-Book Sort.vcxproj", "{BE989FFB-A1DE-4750-B922-9FCD99F10112}"
EndProject
Global
	GlobalSection(SolutionConfigurationPlatforms) = preSolution
		Debug|x64 = Debug|x64
		Debug|x86 = Debug|x86
		Release|x64 = Release|x64
		Release|x86 = Release|x86
	EndGlobalSection
	GlobalSection(ProjectConfigurationPlatforms) = postSolution
		{BE989FFB-A1DE-4750-B922-9FCD99F10112}.Debug|x64.ActiveCfg = Debug|x64
		{BE989FFB-A1DE-4750-B922-9FCD99F10112}.Debug|x64.Build.0 = Debug|x64
		{BE989FFB-A1DE-4750-B922-9FCD99F10112}.Debug|x86.ActiveCfg = Debug|Win32
		{BE989FFB-A1DE-4750-B922-9FCD99F10112}.Debug|x86.Build.0 = Debug|Win32
		{BE989FFB-A1DE-4750-B922-9FCD99F10112}.Release|x64.ActiveCfg = Release|x64
		{BE989FFB-A1DE-4750-B922-9FCD99F10112}.Release|x64.Build.0 = Release|x64
		{BE989FFB-A1DE-4750-B922-9FCD99F10112}.Release|x86.ActiveCfg = Release|Win32
		{BE989FFB-A1DE-4750-B922-9FCD99F10112}.Release|x86.Build.0 = Release|Win32
	EndGlobalSection
	GlobalSection(SolutionProperties) = preSolution
		HideSolutionNode = FALSE
	EndGlobalSection
	GlobalSection(ExtensibilityGlobals) = postSolution
		SolutionGuid = {644B6083-1B43-4DD7-B078-7F121FFE4C70}
	EndGlobalSection
EndGlobal
